# This file is @generated by PDM.
# It is not intended for manual editing.

[metadata]
groups = ["default"]
strategy = ["inherit_metadata"]
lock_version = "4.5.0"
content_hash = "sha256:7895098962d6bbc3044fa915d6f01ecad8077642fcba0d8616e17ef7da8ebf90"

[[metadata.targets]]
requires_python = ">=3.11"

[[package]]
name = "python-json-logger"
version = "3.2.1"
requires_python = ">=3.8"
summary = "JSON Log Formatter for the Python Logging Package"
groups = ["default"]
dependencies = [
    "typing-extensions; python_version < \"3.10\"",
]
files = [
    {file = "python_json_logger-3.2.1-py3-none-any.whl", hash = "sha256:cdc17047eb5374bd311e748b42f99d71223f3b0e186f4206cc5d52aefe85b090"},
    {file = "python_json_logger-3.2.1.tar.gz", hash = "sha256:8eb0554ea17cb75b05d2848bc14fb02fbdbd9d6972120781b974380bfa162008"},
]
